
Microsoft Visual Studio Solution File, Format Version 12.00
# Visual Studio Version 16
VisualStudioVersion = 16.0.31624.102
MinimumVisualStudioVersion = 10.0.40219.1
Project("{FAE04EC0-301F-11D3-BF4B-00C04F79EFBC}") = "TelegramOnlyBot", "TelegramOnlyBot.csproj", "{AD992BB7-01AD-419B-8307-1133A3D696BD}"
EndProject
Global
	GlobalSection(SolutionConfigurationPlatforms) = preSolution
		Debug|Any CPU = Debug|Any CPU
		Release|Any CPU = Release|Any CPU
	EndGlobalSection
	GlobalSection(ProjectConfigurationPlatforms) = postSolution
		{AD992BB7-01AD-419B-8307-1133A3D696BD}.Debug|Any CPU.ActiveCfg = Debug|Any CPU
		{AD992BB7-01AD-419B-8307-1133A3D696BD}.Debug|Any CPU.Build.0 = Debug|Any CPU
		{AD992BB7-01AD-419B-8307-1133A3D696BD}.Release|Any CPU.ActiveCfg = Release|Any CPU
		{AD992BB7-01AD-419B-8307-1133A3D696BD}.Release|Any CPU.Build.0 = Release|Any CPU
	EndGlobalSection
	GlobalSection(SolutionProperties) = preSolution
		HideSolutionNode = FALSE
	EndGlobalSection
	GlobalSection(ExtensibilityGlobals) = postSolution
		SolutionGuid = {1F330339-8788-4BB4-8AFC-5676FB0F9C7E}
	EndGlobalSection
EndGlobal
